# This file was autogenerated by Stack.
# You should not edit this file by hand.
# For more information, please see the documentation at:
#   https://docs.haskellstack.org/en/stable/lock_files

packages:
- completed:
    commit: 5f5b662a1d7abc3951ea5a2a625bbf3e83f7a11a
    git: git@github.com:MichaelXavier/cron.git
    name: cron
    pantry-tree:
      sha256: 35668ccb5971639bc3a95ffd339bd016581354878eb3583853c42f0c710b4813
      size: 1927
    version: 0.7.0
  original:
    commit: 5f5b662a1d7abc3951ea5a2a625bbf3e83f7a11a
    git: git@github.com:MichaelXavier/cron.git
snapshots:
- completed:
    sha256: 8b211c5a6aad3787e023dfddaf7de7868968e4f240ecedf14ad1c5b2199046ca
    size: 714097
    url: https://raw.githubusercontent.com/commercialhaskell/stackage-snapshots/master/lts/22/4.yaml
  original: lts-22.4
