# This file was autogenerated by Stack.
# You should not edit this file by hand.
# For more information, please see the documentation at:
#   https://docs.haskellstack.org/en/stable/lock_files

packages:
- completed:
    hackage: servant-multipart-0.11.5@sha256:1633f715b5b53d648a1da69839bdc5046599f4f7244944d4bbf852dba38d8f4b,2319
    pantry-tree:
      size: 333
      sha256: b3e1fd2ad2e654475be000c2f0ac6f717b5499436fa73eec50ceccddf352dcec
  original:
    hackage: servant-multipart-0.11.5@sha256:1633f715b5b53d648a1da69839bdc5046599f4f7244944d4bbf852dba38d8f4b,2319
snapshots:
- completed:
    size: 492015
    url: https://raw.githubusercontent.com/commercialhaskell/stackage-snapshots/master/lts/15/8.yaml
    sha256: 926bc3d70249dd0ba05277ff00943c0addb35b627cb641752669e7cf771310d0
  original: lts-15.8
